
Microsoft Visual Studio Solution File, Format Version 12.00
# Visual Studio Version 17
VisualStudioVersion = 17.4.33403.182
MinimumVisualStudioVersion = 10.0.40219.1
Project("{FAE04EC0-301F-11D3-BF4B-00C04F79EFBC}") = "Cash Register", "Cash Register\Cash Register.csproj", "{CDFD4913-2B64-4F05-BE72-CCDB2C537B21}"
EndProject
Global
	GlobalSection(SolutionConfigurationPlatforms) = preSolution
		Debug|Any CPU = Debug|Any CPU
		Release|Any CPU = Release|Any CPU
	EndGlobalSection
	GlobalSection(ProjectConfigurationPlatforms) = postSolution
		{CDFD4913-2B64-4F05-BE72-CCDB2C537B21}.Debug|Any CPU.ActiveCfg = Debug|Any CPU
		{CDFD4913-2B64-4F05-BE72-CCDB2C537B21}.Debug|Any CPU.Build.0 = Debug|Any CPU
		{CDFD4913-2B64-4F05-BE72-CCDB2C537B21}.Release|Any CPU.ActiveCfg = Release|Any CPU
		{CDFD4913-2B64-4F05-BE72-CCDB2C537B21}.Release|Any CPU.Build.0 = Release|Any CPU
	EndGlobalSection
	GlobalSection(SolutionProperties) = preSolution
		HideSolutionNode = FALSE
	EndGlobalSection
	GlobalSection(ExtensibilityGlobals) = postSolution
		SolutionGuid = {D78529DD-F90A-49FB-8F4C-1F6F705DD041}
	EndGlobalSection
EndGlobal
